<?xml version="1.0" encoding="utf-8"?>
<Project ToolsVersion="4.0" xmlns="http://schemas.microsoft.com/developer/msbuild/2003">
  <ItemGroup>
    <Filter Include="include">
      <UniqueIdentifier>{89AF369E-F58E-B539-FEA6-40106A051C9B}</UniqueIdentifier>
    </Filter>
    <Filter Include="include\Beryllium">
      <UniqueIdentifier>{6DD2C77D-D9E8-C513-2260-51358EB5969B}</UniqueIdentifier>
    </Filter>
    <Filter Include="include\Beryllium\Events">
      <UniqueIdentifier>{B1E104BC-9D06-543C-C651-39CCB2D5525A}</UniqueIdentifier>
    </Filter>
    <Filter Include="include\Beryllium\Events\KeyboardEvents">
      <UniqueIdentifier>{860AD0A5-F299-9190-FB95-72A867A4CC9C}</UniqueIdentifier>
    </Filter>
    <Filter Include="include\Beryllium\Events\MouseEvents">
      <UniqueIdentifier>{FE4CEA8A-EA33-AC82-9384-12A07F4A25E9}</UniqueIdentifier>
    </Filter>
    <Filter Include="include\Beryllium\Events\WindowEvents">
      <UniqueIdentifier>{EDBB4894-5980-4784-22E6-774E8E69E3B9}</UniqueIdentifier>
    </Filter>
    <Filter Include="include\Beryllium\Platforms">
      <UniqueIdentifier>{F4452589-6053-536F-E939-4F5A55461F26}</UniqueIdentifier>
    </Filter>
    <Filter Include="include\Beryllium\Platforms\Windows">
      <UniqueIdentifier>{2EA443F5-9A5D-AE9F-23BD-C8798F75640F}</UniqueIdentifier>
    </Filter>
    <Filter Include="src">
      <UniqueIdentifier>{2DAB880B-99B4-887C-2230-9F7C8E38947C}</UniqueIdentifier>
    </Filter>
    <Filter Include="src\Events">
      <UniqueIdentifier>{7162C20E-5D1A-045C-C621-DDB7B2F89E4C}</UniqueIdentifier>
    </Filter>
    <Filter Include="src\Events\KeyboardEvents">
      <UniqueIdentifier>{46F3B969-B2B5-EDF3-FB65-7C806767C6D1}</UniqueIdentifier>
    </Filter>
    <Filter Include="src\Events\MouseEvents">
      <UniqueIdentifier>{BEED2EED-AAE7-573F-9354-EE4F7FEDBDAB}</UniqueIdentifier>
    </Filter>
    <Filter Include="src\Events\WindowEvents">
      <UniqueIdentifier>{AD74213F-19AC-69D6-22B6-CDF98E6C90CF}</UniqueIdentifier>
    </Filter>
    <Filter Include="src\Platforms">
      <UniqueIdentifier>{B40E5C85-20CF-D7BB-E909-213955891C98}</UniqueIdentifier>
    </Filter>
    <Filter Include="src\Platforms\Windows">
      <UniqueIdentifier>{EE2C175D-5A99-D257-238D-6AB58FB8F4BF}</UniqueIdentifier>
    </Filter>
  </ItemGroup>
  <ItemGroup>
    <ClInclude Include="include\Beryllium.hpp">
      <Filter>include</Filter>
    </ClInclude>
    <ClInclude Include="include\Beryllium\API.hpp">
      <Filter>include\Beryllium</Filter>
    </ClInclude>
    <ClInclude Include="include\Beryllium\Application.hpp">
      <Filter>include\Beryllium</Filter>
    </ClInclude>
    <ClInclude Include="include\Beryllium\Entry.hpp">
      <Filter>include\Beryllium</Filter>
    </ClInclude>
    <ClInclude Include="include\Beryllium\Events\Event.hpp">
      <Filter>include\Beryllium\Events</Filter>
    </ClInclude>
    <ClInclude Include="include\Beryllium\Events\Event.inl">
      <Filter>include\Beryllium\Events</Filter>
    </ClInclude>
    <ClInclude Include="include\Beryllium\Events\EventDispatcher.hpp">
      <Filter>include\Beryllium\Events</Filter>
    </ClInclude>
    <ClInclude Include="include\Beryllium\Events\EventListener.hpp">
      <Filter>include\Beryllium\Events</Filter>
    </ClInclude>
    <ClInclude Include="include\Beryllium\Events\CommonEvents\KeyPressed.hpp">
      <Filter>include\Beryllium\Events\KeyboardEvents</Filter>
    </ClInclude>
    <ClInclude Include="include\Beryllium\Events\CommonEvents\KeyReleased.hpp">
      <Filter>include\Beryllium\Events\KeyboardEvents</Filter>
    </ClInclude>
    <ClInclude Include="include\Beryllium\Events\CommonEvents\MouseButtonPressed.hpp">
      <Filter>include\Beryllium\Events\MouseEvents</Filter>
    </ClInclude>
    <ClInclude Include="include\Beryllium\Events\CommonEvents\MouseButtonReleased.hpp">
      <Filter>include\Beryllium\Events\MouseEvents</Filter>
    </ClInclude>
    <ClInclude Include="include\Beryllium\Events\CommonEvents\WindowClosed.hpp">
      <Filter>include\Beryllium\Events\WindowEvents</Filter>
    </ClInclude>
    <ClInclude Include="include\Beryllium\Events\CommonEvents\WindowFocusChanged.hpp">
      <Filter>include\Beryllium\Events\WindowEvents</Filter>
    </ClInclude>
    <ClInclude Include="include\Beryllium\Events\CommonEvents\WindowMoved.hpp">
      <Filter>include\Beryllium\Events\WindowEvents</Filter>
    </ClInclude>
    <ClInclude Include="include\Beryllium\Events\CommonEvents\WindowResized.hpp">
      <Filter>include\Beryllium\Events\WindowEvents</Filter>
    </ClInclude>
    <ClInclude Include="include\Beryllium\Logger.hpp">
      <Filter>include\Beryllium</Filter>
    </ClInclude>
    <ClInclude Include="include\Beryllium\Logger.inl">
      <Filter>include\Beryllium</Filter>
    </ClInclude>
    <ClInclude Include="include\Beryllium\Mouse.hpp">
      <Filter>include\Beryllium</Filter>
    </ClInclude>
    <ClInclude Include="include\Beryllium\Platforms\Windows\WindowsWindow.hpp">
      <Filter>include\Beryllium\Platforms\Windows</Filter>
    </ClInclude>
    <ClInclude Include="include\Beryllium\Window.hpp">
      <Filter>include\Beryllium</Filter>
    </ClInclude>
    <ClInclude Include="include\Beryllium\Events\CommonEvents.hpp" />
    <ClInclude Include="include\Beryllium\Events\CommonEvents\MouseMoved.hpp" />
    <ClInclude Include="include\Beryllium\Events\CommonEvents\MouseScrolled.hpp" />
    <ClInclude Include="include\Beryllium\Layer.hpp" />
    <ClInclude Include="include\Beryllium\LayerStack.hpp" />
  </ItemGroup>
  <ItemGroup>
    <ClCompile Include="src\Application.cpp">
      <Filter>src</Filter>
    </ClCompile>
    <ClCompile Include="src\Events\Event.cpp">
      <Filter>src\Events</Filter>
    </ClCompile>
    <ClCompile Include="src\Events\EventDispatcher.cpp">
      <Filter>src\Events</Filter>
    </ClCompile>
    <ClCompile Include="src\Events\EventListener.cpp">
      <Filter>src\Events</Filter>
    </ClCompile>
    <ClCompile Include="src\Events\CommonEvents\KeyPressed.cpp">
      <Filter>src\Events\KeyboardEvents</Filter>
    </ClCompile>
    <ClCompile Include="src\Events\CommonEvents\KeyReleased.cpp">
      <Filter>src\Events\KeyboardEvents</Filter>
    </ClCompile>
    <ClCompile Include="src\Events\CommonEvents\MouseButtonPressed.cpp">
      <Filter>src\Events\MouseEvents</Filter>
    </ClCompile>
    <ClCompile Include="src\Events\CommonEvents\MouseButtonReleased.cpp">
      <Filter>src\Events\MouseEvents</Filter>
    </ClCompile>
    <ClCompile Include="src\Events\CommonEvents\WindowClosed.cpp">
      <Filter>src\Events\WindowEvents</Filter>
    </ClCompile>
    <ClCompile Include="src\Events\CommonEvents\WindowFocusChanged.cpp">
      <Filter>src\Events\WindowEvents</Filter>
    </ClCompile>
    <ClCompile Include="src\Events\CommonEvents\WindowMoved.cpp">
      <Filter>src\Events\WindowEvents</Filter>
    </ClCompile>
    <ClCompile Include="src\Events\CommonEvents\WindowResized.cpp">
      <Filter>src\Events\WindowEvents</Filter>
    </ClCompile>
    <ClCompile Include="src\Logger.cpp">
      <Filter>src</Filter>
    </ClCompile>
    <ClCompile Include="src\Platforms\Windows\WindowsWindow.cpp">
      <Filter>src\Platforms\Windows</Filter>
    </ClCompile>
    <ClCompile Include="src\Window.cpp">
      <Filter>src</Filter>
    </ClCompile>
    <ClCompile Include="src\Events\CommonEvents\MouseMoved.cpp" />
    <ClCompile Include="src\Events\CommonEvents\MouseScrolled.cpp" />
    <ClCompile Include="src\Layer.cpp" />
    <ClCompile Include="src\LayerStack.cpp" />
  </ItemGroup>
  <ItemGroup>
    <None Include="ClassDiagram.cd" />
  </ItemGroup>
</Project>